{
  "originHash" : "6d2109d2f43eb2513b06e62143452b001ff756d14a9115e1fe7243a6591ba4af",
  "pins" : [
    {
      "identity" : "networkspectator",
      "kind" : "remoteSourceControl",
      "location" : "https://github.com/Pankajbawane/NetworkSpectator.git",
      "state" : {
        "branch" : "main",
        "revision" : "3b1e804ae889682d9acb3023bc598bc59a1372ad"
      }
    }
  ],
  "version" : 3
}
